// !$*UTF8*$!
{
	archiveVersion = 1;
	classes = {
	};
	objectVersion = 56;
	objects = {

/* Begin PBXBuildFile section */
		000000000000000000000060 /* SVGAModel.swift in Sources */ = {isa = PBXBuildFile; fileRef = 000000000000000000000020 /* SVGAModel.swift */; };
		000000000000000000000061 /* SVGAProto.swift in Sources */ = {isa = PBXBuildFile; fileRef = 000000000000000000000021 /* SVGAProto.swift */; };
		000000000000000000000062 /* SVGAMovieParser.swift in Sources */ = {isa = PBXBuildFile; fileRef = 000000000000000000000022 /* SVGAMovieParser.swift */; };
		000000000000000000000063 /* SVGABezierPath.swift in Sources */ = {isa = PBXBuildFile; fileRef = 000000000000000000000023 /* SVGABezierPath.swift */; };
		000000000000000000000064 /* SVGALayers.swift in Sources */ = {isa = PBXBuildFile; fileRef = 000000000000000000000024 /* SVGALayers.swift */; };
		000000000000000000000065 /* SVGAPlayerView.swift in Sources */ = {isa = PBXBuildFile; fileRef = 000000000000000000000025 /* SVGAPlayerView.swift */; };
		000000000000000000000066 /* SVGAMovieRenderer.swift in Sources */ = {isa = PBXBuildFile; fileRef = 000000000000000000000026 /* SVGAMovieRenderer.swift */; };
		000000000000000000000067 /* AppDelegate.swift in Sources */ = {isa = PBXBuildFile; fileRef = 000000000000000000000030 /* AppDelegate.swift */; };
		000000000000000000000068 /* ExtensionRegistrar.swift in Sources */ = {isa = PBXBuildFile; fileRef = 000000000000000000000031 /* ExtensionRegistrar.swift */; };
		000000000000000000000070 /* SVGAModel.swift in Sources */ = {isa = PBXBuildFile; fileRef = 000000000000000000000020 /* SVGAModel.swift */; };
		000000000000000000000071 /* SVGAProto.swift in Sources */ = {isa = PBXBuildFile; fileRef = 000000000000000000000021 /* SVGAProto.swift */; };
		000000000000000000000072 /* SVGAMovieParser.swift in Sources */ = {isa = PBXBuildFile; fileRef = 000000000000000000000022 /* SVGAMovieParser.swift */; };
		000000000000000000000073 /* SVGABezierPath.swift in Sources */ = {isa = PBXBuildFile; fileRef = 000000000000000000000023 /* SVGABezierPath.swift */; };
		000000000000000000000074 /* SVGALayers.swift in Sources */ = {isa = PBXBuildFile; fileRef = 000000000000000000000024 /* SVGALayers.swift */; };
		000000000000000000000075 /* SVGAPlayerView.swift in Sources */ = {isa = PBXBuildFile; fileRef = 000000000000000000000025 /* SVGAPlayerView.swift */; };
		000000000000000000000076 /* SVGAMovieRenderer.swift in Sources */ = {isa = PBXBuildFile; fileRef = 000000000000000000000026 /* SVGAMovieRenderer.swift */; };
		000000000000000000000077 /* ThumbnailProvider.swift in Sources */ = {isa = PBXBuildFile; fileRef = 000000000000000000000040 /* ThumbnailProvider.swift */; };
		000000000000000000000080 /* SVGAModel.swift in Sources */ = {isa = PBXBuildFile; fileRef = 000000000000000000000020 /* SVGAModel.swift */; };
		000000000000000000000081 /* SVGAProto.swift in Sources */ = {isa = PBXBuildFile; fileRef = 000000000000000000000021 /* SVGAProto.swift */; };
		000000000000000000000082 /* SVGAMovieParser.swift in Sources */ = {isa = PBXBuildFile; fileRef = 000000000000000000000022 /* SVGAMovieParser.swift */; };
		000000000000000000000083 /* SVGABezierPath.swift in Sources */ = {isa = PBXBuildFile; fileRef = 000000000000000000000023 /* SVGABezierPath.swift */; };
		000000000000000000000084 /* SVGALayers.swift in Sources */ = {isa = PBXBuildFile; fileRef = 000000000000000000000024 /* SVGALayers.swift */; };
		000000000000000000000085 /* SVGAPlayerView.swift in Sources */ = {isa = PBXBuildFile; fileRef = 000000000000000000000025 /* SVGAPlayerView.swift */; };
		000000000000000000000086 /* SVGAMovieRenderer.swift in Sources */ = {isa = PBXBuildFile; fileRef = 000000000000000000000026 /* SVGAMovieRenderer.swift */; };
		000000000000000000000087 /* PreviewViewController.swift in Sources */ = {isa = PBXBuildFile; fileRef = 000000000000000000000043 /* PreviewViewController.swift */; };
		000000000000000000000092 /* SVGA Quick Look Thumbnail Extension.appex in Embed Foundation Extensions */ = {isa = PBXBuildFile; fileRef = 000000000000000000000011 /* SVGA Quick Look Thumbnail Extension.appex */; settings = {ATTRIBUTES = (RemoveHeadersOnCopy, ); }; };
		000000000000000000000093 /* SVGA Quick Look Preview Extension.appex in Embed Foundation Extensions */ = {isa = PBXBuildFile; fileRef = 000000000000000000000012 /* SVGA Quick Look Preview Extension.appex */; settings = {ATTRIBUTES = (RemoveHeadersOnCopy, ); }; };
		000000000000000000000161 /* SVGASwiftApp.swift in Sources */ = {isa = PBXBuildFile; fileRef = 000000000000000000000170 /* SVGASwiftApp.swift */; };
		000000000000000000000162 /* AppModel.swift in Sources */ = {isa = PBXBuildFile; fileRef = 000000000000000000000171 /* AppModel.swift */; };
		000000000000000000000163 /* MainView.swift in Sources */ = {isa = PBXBuildFile; fileRef = 000000000000000000000172 /* MainView.swift */; };
		000000000000000000000164 /* PlayerRepresentable.swift in Sources */ = {isa = PBXBuildFile; fileRef = 000000000000000000000173 /* PlayerRepresentable.swift */; };
		000000000000000000000165 /* PlaybackControls.swift in Sources */ = {isa = PBXBuildFile; fileRef = 000000000000000000000154 /* PlaybackControls.swift */; };
		000000000000000000000166 /* InspectorPanel.swift in Sources */ = {isa = PBXBuildFile; fileRef = 000000000000000000000155 /* InspectorPanel.swift */; };
		000000000000000000000167 /* BackgroundTheme.swift in Sources */ = {isa = PBXBuildFile; fileRef = 000000000000000000000156 /* BackgroundTheme.swift */; };
		000000000000000000000168 /* Localizable.strings in Resources */ = {isa = PBXBuildFile; fileRef = 000000000000000000000160 /* Localizable.strings */; };
		000000000000000000000175 /* LayerSidebar.swift in Sources */ = {isa = PBXBuildFile; fileRef = 000000000000000000000174 /* LayerSidebar.swift */; };
		B46B371530402DA0005DEE3B /* svga logo.icon in Resources */ = {isa = PBXBuildFile; fileRef = B46B371430402DA0005DEE3B /* svga logo.icon */; };
		B46B371630402DA0005DEE3B /* svga logo.icon in Resources */ = {isa = PBXBuildFile; fileRef = B46B371430402DA0005DEE3B /* svga logo.icon */; };
		B46B371730402DA0005DEE3B /* svga logo.icon in Resources */ = {isa = PBXBuildFile; fileRef = B46B371430402DA0005DEE3B /* svga logo.icon */; };
/* End PBXBuildFile section */

/* Begin PBXContainerItemProxy section */
		000000000000000000000114 /* PBXContainerItemProxy */ = {
			isa = PBXContainerItemProxy;
			containerPortal = 000000000000000000000001 /* Project object */;
			proxyType = 1;
			remoteGlobalIDString = 000000000000000000000111;
			remoteInfo = "SVGA Quick Look Thumbnail Extension";
		};
		000000000000000000000116 /* PBXContainerItemProxy */ = {
			isa = PBXContainerItemProxy;
			containerPortal = 000000000000000000000001 /* Project object */;
			proxyType = 1;
			remoteGlobalIDString = 000000000000000000000112;
			remoteInfo = "SVGA Quick Look Preview Extension";
		};
/* End PBXContainerItemProxy section */

/* Begin PBXCopyFilesBuildPhase section */
		000000000000000000000103 /* Embed Foundation Extensions */ = {
			isa = PBXCopyFilesBuildPhase;
			buildActionMask = 2147483647;
			dstPath = "";
			dstSubfolderSpec = 13;
			files = (
				000000000000000000000092 /* SVGA Quick Look Thumbnail Extension.appex in Embed Foundation Extensions */,
				000000000000000000000093 /* SVGA Quick Look Preview Extension.appex in Embed Foundation Extensions */,
			);
			name = "Embed Foundation Extensions";
			runOnlyForDeploymentPostprocessing = 0;
		};
/* End PBXCopyFilesBuildPhase section */

/* Begin PBXFileReference section */
		000000000000000000000010 /* SVGA Quick Look.app */ = {isa = PBXFileReference; explicitFileType = wrapper.application; includeInIndex = 0; path = "SVGA Quick Look.app"; sourceTree = BUILT_PRODUCTS_DIR; };
		000000000000000000000011 /* SVGA Quick Look Thumbnail Extension.appex */ = {isa = PBXFileReference; explicitFileType = "wrapper.app-extension"; includeInIndex = 0; path = "SVGA Quick Look Thumbnail Extension.appex"; sourceTree = BUILT_PRODUCTS_DIR; };
		000000000000000000000012 /* SVGA Quick Look Preview Extension.appex */ = {isa = PBXFileReference; explicitFileType = "wrapper.app-extension"; includeInIndex = 0; path = "SVGA Quick Look Preview Extension.appex"; sourceTree = BUILT_PRODUCTS_DIR; };
		000000000000000000000020 /* SVGAModel.swift */ = {isa = PBXFileReference; lastKnownFileType = sourcecode.swift; path = SVGAModel.swift; sourceTree = "<group>"; };
		000000000000000000000021 /* SVGAProto.swift */ = {isa = PBXFileReference; lastKnownFileType = sourcecode.swift; path = SVGAProto.swift; sourceTree = "<group>"; };
		000000000000000000000022 /* SVGAMovieParser.swift */ = {isa = PBXFileReference; lastKnownFileType = sourcecode.swift; path = SVGAMovieParser.swift; sourceTree = "<group>"; };
		000000000000000000000023 /* SVGABezierPath.swift */ = {isa = PBXFileReference; lastKnownFileType = sourcecode.swift; path = SVGABezierPath.swift; sourceTree = "<group>"; };
		000000000000000000000024 /* SVGALayers.swift */ = {isa = PBXFileReference; lastKnownFileType = sourcecode.swift; path = SVGALayers.swift; sourceTree = "<group>"; };
		000000000000000000000025 /* SVGAPlayerView.swift */ = {isa = PBXFileReference; lastKnownFileType = sourcecode.swift; path = SVGAPlayerView.swift; sourceTree = "<group>"; };
		000000000000000000000026 /* SVGAMovieRenderer.swift */ = {isa = PBXFileReference; lastKnownFileType = sourcecode.swift; path = SVGAMovieRenderer.swift; sourceTree = "<group>"; };
		000000000000000000000030 /* AppDelegate.swift */ = {isa = PBXFileReference; lastKnownFileType = sourcecode.swift; path = AppDelegate.swift; sourceTree = "<group>"; };
		000000000000000000000031 /* ExtensionRegistrar.swift */ = {isa = PBXFileReference; lastKnownFileType = sourcecode.swift; path = ExtensionRegistrar.swift; sourceTree = "<group>"; };
		000000000000000000000033 /* Info.plist */ = {isa = PBXFileReference; lastKnownFileType = text.plist.xml; path = Info.plist; sourceTree = "<group>"; };
		000000000000000000000034 /* SVGA Quick Look.entitlements */ = {isa = PBXFileReference; lastKnownFileType = text.plist.entitlements; path = "SVGA Quick Look.entitlements"; sourceTree = "<group>"; };
		000000000000000000000040 /* ThumbnailProvider.swift */ = {isa = PBXFileReference; lastKnownFileType = sourcecode.swift; path = ThumbnailProvider.swift; sourceTree = "<group>"; };
		000000000000000000000041 /* Info.plist */ = {isa = PBXFileReference; lastKnownFileType = text.plist.xml; path = Info.plist; sourceTree = "<group>"; };
		000000000000000000000042 /* Thumbnail.entitlements */ = {isa = PBXFileReference; lastKnownFileType = text.plist.entitlements; path = Thumbnail.entitlements; sourceTree = "<group>"; };
		000000000000000000000043 /* PreviewViewController.swift */ = {isa = PBXFileReference; lastKnownFileType = sourcecode.swift; path = PreviewViewController.swift; sourceTree = "<group>"; };
		000000000000000000000044 /* Info.plist */ = {isa = PBXFileReference; lastKnownFileType = text.plist.xml; path = Info.plist; sourceTree = "<group>"; };
		000000000000000000000045 /* Preview.entitlements */ = {isa = PBXFileReference; lastKnownFileType = text.plist.entitlements; path = Preview.entitlements; sourceTree = "<group>"; };
		000000000000000000000154 /* PlaybackControls.swift */ = {isa = PBXFileReference; lastKnownFileType = sourcecode.swift; path = PlaybackControls.swift; sourceTree = "<group>"; };
		000000000000000000000155 /* InspectorPanel.swift */ = {isa = PBXFileReference; lastKnownFileType = sourcecode.swift; path = InspectorPanel.swift; sourceTree = "<group>"; };
		000000000000000000000156 /* BackgroundTheme.swift */ = {isa = PBXFileReference; lastKnownFileType = sourcecode.swift; path = BackgroundTheme.swift; sourceTree = "<group>"; };
		000000000000000000000157 /* en */ = {isa = PBXFileReference; lastKnownFileType = text.plist.strings; name = en; path = en.lproj/Localizable.strings; sourceTree = "<group>"; };
		000000000000000000000158 /* zh-Hans */ = {isa = PBXFileReference; lastKnownFileType = text.plist.strings; name = "zh-Hans"; path = "zh-Hans.lproj/Localizable.strings"; sourceTree = "<group>"; };
		000000000000000000000170 /* SVGASwiftApp.swift */ = {isa = PBXFileReference; lastKnownFileType = sourcecode.swift; path = SVGASwiftApp.swift; sourceTree = "<group>"; };
		000000000000000000000171 /* AppModel.swift */ = {isa = PBXFileReference; lastKnownFileType = sourcecode.swift; path = AppModel.swift; sourceTree = "<group>"; };
		000000000000000000000172 /* MainView.swift */ = {isa = PBXFileReference; lastKnownFileType = sourcecode.swift; path = MainView.swift; sourceTree = "<group>"; };
		000000000000000000000173 /* PlayerRepresentable.swift */ = {isa = PBXFileReference; lastKnownFileType = sourcecode.swift; path = PlayerRepresentable.swift; sourceTree = "<group>"; };
		000000000000000000000174 /* LayerSidebar.swift */ = {isa = PBXFileReference; lastKnownFileType = sourcecode.swift; path = LayerSidebar.swift; sourceTree = "<group>"; };
		B46B371430402DA0005DEE3B /* svga logo.icon */ = {isa = PBXFileReference; lastKnownFileType = folder.iconcomposer.icon; path = "svga logo.icon"; sourceTree = "<group>"; };
/* End PBXFileReference section */

/* Begin PBXFrameworksBuildPhase section */
		000000000000000000000101 /* Frameworks */ = {
			isa = PBXFrameworksBuildPhase;
			buildActionMask = 2147483647;
			files = (
			);
			runOnlyForDeploymentPostprocessing = 0;
		};
		000000000000000000000105 /* Frameworks */ = {
			isa = PBXFrameworksBuildPhase;
			buildActionMask = 2147483647;
			files = (
			);
			runOnlyForDeploymentPostprocessing = 0;
		};
		000000000000000000000108 /* Frameworks */ = {
			isa = PBXFrameworksBuildPhase;
			buildActionMask = 2147483647;
			files = (
			);
			runOnlyForDeploymentPostprocessing = 0;
		};
/* End PBXFrameworksBuildPhase section */

/* Begin PBXGroup section */
		000000000000000000000002 = {
			isa = PBXGroup;
			children = (
				000000000000000000000004 /* SVGACore */,
				000000000000000000000005 /* SVGA Quick Look */,
				000000000000000000000007 /* SVGA Quick Look Thumbnail Extension */,
				000000000000000000000009 /* SVGA Quick Look Preview Extension */,
				000000000000000000000008 /* Samples */,
				000000000000000000000003 /* Products */,
			);
			sourceTree = "<group>";
		};
		000000000000000000000003 /* Products */ = {
			isa = PBXGroup;
			children = (
				000000000000000000000010 /* SVGA Quick Look.app */,
				000000000000000000000011 /* SVGA Quick Look Thumbnail Extension.appex */,
				000000000000000000000012 /* SVGA Quick Look Preview Extension.appex */,
			);
			name = Products;
			sourceTree = "<group>";
		};
		000000000000000000000004 /* SVGACore */ = {
			isa = PBXGroup;
			children = (
				000000000000000000000020 /* SVGAModel.swift */,
				000000000000000000000021 /* SVGAProto.swift */,
				000000000000000000000022 /* SVGAMovieParser.swift */,
				000000000000000000000023 /* SVGABezierPath.swift */,
				000000000000000000000024 /* SVGALayers.swift */,
				000000000000000000000025 /* SVGAPlayerView.swift */,
				000000000000000000000026 /* SVGAMovieRenderer.swift */,
			);
			path = SVGACore;
			sourceTree = "<group>";
		};
		000000000000000000000005 /* SVGA Quick Look */ = {
			isa = PBXGroup;
			children = (
				000000000000000000000006 /* Sources */,
				000000000000000000000159 /* Resources */,
				000000000000000000000033 /* Info.plist */,
				000000000000000000000034 /* SVGA Quick Look.entitlements */,
			);
			path = "SVGA Quick Look";
			sourceTree = "<group>";
		};
		000000000000000000000006 /* Sources */ = {
			isa = PBXGroup;
			children = (
				000000000000000000000030 /* AppDelegate.swift */,
				000000000000000000000031 /* ExtensionRegistrar.swift */,
				000000000000000000000170 /* SVGASwiftApp.swift */,
				000000000000000000000171 /* AppModel.swift */,
				000000000000000000000172 /* MainView.swift */,
				000000000000000000000173 /* PlayerRepresentable.swift */,
				000000000000000000000154 /* PlaybackControls.swift */,
				000000000000000000000155 /* InspectorPanel.swift */,
				000000000000000000000156 /* BackgroundTheme.swift */,
				000000000000000000000174 /* LayerSidebar.swift */,
			);
			path = Sources;
			sourceTree = "<group>";
		};
		000000000000000000000007 /* SVGA Quick Look Thumbnail Extension */ = {
			isa = PBXGroup;
			children = (
				000000000000000000000040 /* ThumbnailProvider.swift */,
				000000000000000000000041 /* Info.plist */,
				000000000000000000000042 /* Thumbnail.entitlements */,
			);
			path = "SVGA Quick Look Thumbnail Extension";
			sourceTree = "<group>";
		};
		000000000000000000000008 /* Samples */ = {
			isa = PBXGroup;
			children = (
				B46B371430402DA0005DEE3B /* svga logo.icon */,
			);
			path = Samples;
			sourceTree = "<group>";
		};
		000000000000000000000009 /* SVGA Quick Look Preview Extension */ = {
			isa = PBXGroup;
			children = (
				000000000000000000000043 /* PreviewViewController.swift */,
				000000000000000000000044 /* Info.plist */,
				000000000000000000000045 /* Preview.entitlements */,
			);
			path = "SVGA Quick Look Preview Extension";
			sourceTree = "<group>";
		};
		000000000000000000000159 /* Resources */ = {
			isa = PBXGroup;
			children = (
				000000000000000000000160 /* Localizable.strings */,
			);
			path = Resources;
			sourceTree = "<group>";
		};
/* End PBXGroup section */

/* Begin PBXNativeTarget section */
		000000000000000000000110 /* SVGA Quick Look */ = {
			isa = PBXNativeTarget;
			buildConfigurationList = 000000000000000000000131 /* Build configuration list for PBXNativeTarget "SVGA Quick Look" */;
			buildPhases = (
				000000000000000000000100 /* Sources */,
				000000000000000000000101 /* Frameworks */,
				000000000000000000000102 /* Resources */,
				000000000000000000000103 /* Embed Foundation Extensions */,
			);
			buildRules = (
			);
			dependencies = (
				000000000000000000000113 /* PBXTargetDependency */,
				000000000000000000000115 /* PBXTargetDependency */,
			);
			name = "SVGA Quick Look";
			productName = "SVGA Quick Look";
			productReference = 000000000000000000000010 /* SVGA Quick Look.app */;
			productType = "com.apple.product-type.application";
		};
		000000000000000000000111 /* SVGA Quick Look Thumbnail Extension */ = {
			isa = PBXNativeTarget;
			buildConfigurationList = 000000000000000000000132 /* Build configuration list for PBXNativeTarget "SVGA Quick Look Thumbnail Extension" */;
			buildPhases = (
				000000000000000000000104 /* Sources */,
				000000000000000000000105 /* Frameworks */,
				000000000000000000000106 /* Resources */,
			);
			buildRules = (
			);
			dependencies = (
			);
			name = "SVGA Quick Look Thumbnail Extension";
			productName = "SVGA Quick Look Thumbnail Extension";
			productReference = 000000000000000000000011 /* SVGA Quick Look Thumbnail Extension.appex */;
			productType = "com.apple.product-type.app-extension";
		};
		000000000000000000000112 /* SVGA Quick Look Preview Extension */ = {
			isa = PBXNativeTarget;
			buildConfigurationList = 000000000000000000000133 /* Build configuration list for PBXNativeTarget "SVGA Quick Look Preview Extension" */;
			buildPhases = (
				000000000000000000000107 /* Sources */,
				000000000000000000000108 /* Frameworks */,
				000000000000000000000109 /* Resources */,
			);
			buildRules = (
			);
			dependencies = (
			);
			name = "SVGA Quick Look Preview Extension";
			productName = "SVGA Quick Look Preview Extension";
			productReference = 000000000000000000000012 /* SVGA Quick Look Preview Extension.appex */;
			productType = "com.apple.product-type.app-extension";
		};
/* End PBXNativeTarget section */

/* Begin PBXProject section */
		000000000000000000000001 /* Project object */ = {
			isa = PBXProject;
			attributes = {
				BuildIndependentTargetsInParallel = 1;
				LastSwiftUpdateCheck = 1500;
				LastUpgradeCheck = 2660;
				TargetAttributes = {
					000000000000000000000110 = {
						CreatedOnToolsVersion = 15.0;
					};
					000000000000000000000111 = {
						CreatedOnToolsVersion = 15.0;
					};
					000000000000000000000112 = {
						CreatedOnToolsVersion = 15.0;
					};
				};
			};
			buildConfigurationList = 000000000000000000000130 /* Build configuration list for PBXProject "SVGA Quick Look" */;
			compatibilityVersion = "Xcode 14.0";
			developmentRegion = en;
			hasScannedForEncodings = 0;
			knownRegions = (
				en,
				Base,
				"zh-Hans",
			);
			mainGroup = 000000000000000000000002;
			productRefGroup = 000000000000000000000003 /* Products */;
			projectDirPath = "";
			projectRoot = "";
			targets = (
				000000000000000000000110 /* SVGA Quick Look */,
				000000000000000000000111 /* SVGA Quick Look Thumbnail Extension */,
				000000000000000000000112 /* SVGA Quick Look Preview Extension */,
			);
		};
/* End PBXProject section */

/* Begin PBXResourcesBuildPhase section */
		000000000000000000000102 /* Resources */ = {
			isa = PBXResourcesBuildPhase;
			buildActionMask = 2147483647;
			files = (
				000000000000000000000168 /* Localizable.strings in Resources */,
				B46B371730402DA0005DEE3B /* svga logo.icon in Resources */,
			);
			runOnlyForDeploymentPostprocessing = 0;
		};
		000000000000000000000106 /* Resources */ = {
			isa = PBXResourcesBuildPhase;
			buildActionMask = 2147483647;
			files = (
				B46B371630402DA0005DEE3B /* svga logo.icon in Resources */,
			);
			runOnlyForDeploymentPostprocessing = 0;
		};
		000000000000000000000109 /* Resources */ = {
			isa = PBXResourcesBuildPhase;
			buildActionMask = 2147483647;
			files = (
				B46B371530402DA0005DEE3B /* svga logo.icon in Resources */,
			);
			runOnlyForDeploymentPostprocessing = 0;
		};
/* End PBXResourcesBuildPhase section */

/* Begin PBXSourcesBuildPhase section */
		000000000000000000000100 /* Sources */ = {
			isa = PBXSourcesBuildPhase;
			buildActionMask = 2147483647;
			files = (
				000000000000000000000060 /* SVGAModel.swift in Sources */,
				000000000000000000000061 /* SVGAProto.swift in Sources */,
				000000000000000000000062 /* SVGAMovieParser.swift in Sources */,
				000000000000000000000063 /* SVGABezierPath.swift in Sources */,
				000000000000000000000064 /* SVGALayers.swift in Sources */,
				000000000000000000000065 /* SVGAPlayerView.swift in Sources */,
				000000000000000000000066 /* SVGAMovieRenderer.swift in Sources */,
				000000000000000000000067 /* AppDelegate.swift in Sources */,
				000000000000000000000068 /* ExtensionRegistrar.swift in Sources */,
				000000000000000000000161 /* SVGASwiftApp.swift in Sources */,
				000000000000000000000162 /* AppModel.swift in Sources */,
				000000000000000000000163 /* MainView.swift in Sources */,
				000000000000000000000164 /* PlayerRepresentable.swift in Sources */,
				000000000000000000000165 /* PlaybackControls.swift in Sources */,
				000000000000000000000166 /* InspectorPanel.swift in Sources */,
				000000000000000000000167 /* BackgroundTheme.swift in Sources */,
				000000000000000000000175 /* LayerSidebar.swift in Sources */,
			);
			runOnlyForDeploymentPostprocessing = 0;
		};
		000000000000000000000104 /* Sources */ = {
			isa = PBXSourcesBuildPhase;
			buildActionMask = 2147483647;
			files = (
				000000000000000000000070 /* SVGAModel.swift in Sources */,
				000000000000000000000071 /* SVGAProto.swift in Sources */,
				000000000000000000000072 /* SVGAMovieParser.swift in Sources */,
				000000000000000000000073 /* SVGABezierPath.swift in Sources */,
				000000000000000000000074 /* SVGALayers.swift in Sources */,
				000000000000000000000075 /* SVGAPlayerView.swift in Sources */,
				000000000000000000000076 /* SVGAMovieRenderer.swift in Sources */,
				000000000000000000000077 /* ThumbnailProvider.swift in Sources */,
			);
			runOnlyForDeploymentPostprocessing = 0;
		};
		000000000000000000000107 /* Sources */ = {
			isa = PBXSourcesBuildPhase;
			buildActionMask = 2147483647;
			files = (
				000000000000000000000080 /* SVGAModel.swift in Sources */,
				000000000000000000000081 /* SVGAProto.swift in Sources */,
				000000000000000000000082 /* SVGAMovieParser.swift in Sources */,
				000000000000000000000083 /* SVGABezierPath.swift in Sources */,
				000000000000000000000084 /* SVGALayers.swift in Sources */,
				000000000000000000000085 /* SVGAPlayerView.swift in Sources */,
				000000000000000000000086 /* SVGAMovieRenderer.swift in Sources */,
				000000000000000000000087 /* PreviewViewController.swift in Sources */,
			);
			runOnlyForDeploymentPostprocessing = 0;
		};
/* End PBXSourcesBuildPhase section */

/* Begin PBXTargetDependency section */
		000000000000000000000113 /* PBXTargetDependency */ = {
			isa = PBXTargetDependency;
			target = 000000000000000000000111 /* SVGA Quick Look Thumbnail Extension */;
			targetProxy = 000000000000000000000114 /* PBXContainerItemProxy */;
		};
		000000000000000000000115 /* PBXTargetDependency */ = {
			isa = PBXTargetDependency;
			target = 000000000000000000000112 /* SVGA Quick Look Preview Extension */;
			targetProxy = 000000000000000000000116 /* PBXContainerItemProxy */;
		};
/* End PBXTargetDependency section */

/* Begin PBXVariantGroup section */
		000000000000000000000160 /* Localizable.strings */ = {
			isa = PBXVariantGroup;
			children = (
				000000000000000000000157 /* en */,
				000000000000000000000158 /* zh-Hans */,
			);
			name = Localizable.strings;
			sourceTree = "<group>";
		};
/* End PBXVariantGroup section */

/* Begin XCBuildConfiguration section */
		000000000000000000000120 /* Debug */ = {
			isa = XCBuildConfiguration;
			buildSettings = {
				ALWAYS_SEARCH_USER_PATHS = NO;
				ASSETCATALOG_COMPILER_GENERATE_SWIFT_ASSET_SYMBOL_EXTENSIONS = YES;
				CLANG_ANALYZER_LOCALIZABILITY_NONLOCALIZED = YES;
				CLANG_ANALYZER_NONNULL = YES;
				CLANG_ANALYZER_NUMBER_OBJECT_CONVERSION = YES_AGGRESSIVE;
				CLANG_CXX_LANGUAGE_STANDARD = "gnu++20";
				CLANG_ENABLE_MODULES = YES;
				CLANG_ENABLE_OBJC_ARC = YES;
				CLANG_ENABLE_OBJC_WEAK = YES;
				CLANG_WARN_BLOCK_CAPTURE_AUTORELEASING = YES;
				CLANG_WARN_BOOL_CONVERSION = YES;
				CLANG_WARN_COMMA = YES;
				CLANG_WARN_CONSTANT_CONVERSION = YES;
				CLANG_WARN_DEPRECATED_OBJC_IMPLEMENTATIONS = YES;
				CLANG_WARN_DIRECT_OBJC_ISA_USAGE = YES_ERROR;
				CLANG_WARN_DOCUMENTATION_COMMENTS = YES;
				CLANG_WARN_EMPTY_BODY = YES;
				CLANG_WARN_ENUM_CONVERSION = YES;
				CLANG_WARN_INFINITE_RECURSION = YES;
				CLANG_WARN_INT_CONVERSION = YES;
				CLANG_WARN_NON_LITERAL_NULL_CONVERSION = YES;
				CLANG_WARN_OBJC_IMPLICIT_RETAIN_SELF = YES;
				CLANG_WARN_OBJC_LITERAL_CONVERSION = YES;
				CLANG_WARN_OBJC_ROOT_CLASS = YES_ERROR;
				CLANG_WARN_QUOTED_INCLUDE_IN_FRAMEWORK_HEADER = YES;
				CLANG_WARN_RANGE_LOOP_ANALYSIS = YES;
				CLANG_WARN_STRICT_PROTOTYPES = YES;
				CLANG_WARN_SUSPICIOUS_MOVE = YES;
				CLANG_WARN_UNGUARDED_AVAILABILITY = YES_AGGRESSIVE;
				CLANG_WARN_UNREACHABLE_CODE = YES;
				CLANG_WARN__DUPLICATE_METHOD_MATCH = YES;
				CODE_SIGN_IDENTITY = "-";
				CODE_SIGN_STYLE = Manual;
				COPY_PHASE_STRIP = NO;
				DEAD_CODE_STRIPPING = YES;
				DEBUG_INFORMATION_FORMAT = dwarf;
				ENABLE_STRICT_OBJC_MSGSEND = YES;
				ENABLE_TESTABILITY = YES;
				ENABLE_USER_SCRIPT_SANDBOXING = YES;
				GCC_C_LANGUAGE_STANDARD = gnu11;
				GCC_DYNAMIC_NO_PIC = NO;
				GCC_NO_COMMON_BLOCKS = YES;
				GCC_OPTIMIZATION_LEVEL = 0;
				GCC_PREPROCESSOR_DEFINITIONS = (
					"DEBUG=1",
					"$(inherited)",
				);
				GCC_WARN_64_TO_32_BIT_CONVERSION = YES;
				GCC_WARN_ABOUT_RETURN_TYPE = YES_ERROR;
				GCC_WARN_UNDECLARED_SELECTOR = YES;
				GCC_WARN_UNINITIALIZED_AUTOS = YES_AGGRESSIVE;
				GCC_WARN_UNUSED_FUNCTION = YES;
				GCC_WARN_UNUSED_VARIABLE = YES;
				MACOSX_DEPLOYMENT_TARGET = 26.0;
				MTL_ENABLE_DEBUG_INFO = INCLUDE_SOURCE;
				MTL_FAST_MATH = YES;
				ONLY_ACTIVE_ARCH = YES;
				SDKROOT = macosx;
				STRING_CATALOG_GENERATE_SYMBOLS = YES;
				SWIFT_ACTIVE_COMPILATION_CONDITIONS = DEBUG;
				SWIFT_OPTIMIZATION_LEVEL = "-Onone";
			};
			name = Debug;
		};
		000000000000000000000121 /* Release */ = {
			isa = XCBuildConfiguration;
			buildSettings = {
				ALWAYS_SEARCH_USER_PATHS = NO;
				ASSETCATALOG_COMPILER_GENERATE_SWIFT_ASSET_SYMBOL_EXTENSIONS = YES;
				CLANG_ANALYZER_LOCALIZABILITY_NONLOCALIZED = YES;
				CLANG_ANALYZER_NONNULL = YES;
				CLANG_ANALYZER_NUMBER_OBJECT_CONVERSION = YES_AGGRESSIVE;
				CLANG_CXX_LANGUAGE_STANDARD = "gnu++20";
				CLANG_ENABLE_MODULES = YES;
				CLANG_ENABLE_OBJC_ARC = YES;
				CLANG_ENABLE_OBJC_WEAK = YES;
				CLANG_WARN_BLOCK_CAPTURE_AUTORELEASING = YES;
				CLANG_WARN_BOOL_CONVERSION = YES;
				CLANG_WARN_COMMA = YES;
				CLANG_WARN_CONSTANT_CONVERSION = YES;
				CLANG_WARN_DEPRECATED_OBJC_IMPLEMENTATIONS = YES;
				CLANG_WARN_DIRECT_OBJC_ISA_USAGE = YES_ERROR;
				CLANG_WARN_DOCUMENTATION_COMMENTS = YES;
				CLANG_WARN_EMPTY_BODY = YES;
				CLANG_WARN_ENUM_CONVERSION = YES;
				CLANG_WARN_INFINITE_RECURSION = YES;
				CLANG_WARN_INT_CONVERSION = YES;
				CLANG_WARN_NON_LITERAL_NULL_CONVERSION = YES;
				CLANG_WARN_OBJC_IMPLICIT_RETAIN_SELF = YES;
				CLANG_WARN_OBJC_LITERAL_CONVERSION = YES;
				CLANG_WARN_OBJC_ROOT_CLASS = YES_ERROR;
				CLANG_WARN_QUOTED_INCLUDE_IN_FRAMEWORK_HEADER = YES;
				CLANG_WARN_RANGE_LOOP_ANALYSIS = YES;
				CLANG_WARN_STRICT_PROTOTYPES = YES;
				CLANG_WARN_SUSPICIOUS_MOVE = YES;
				CLANG_WARN_UNGUARDED_AVAILABILITY = YES_AGGRESSIVE;
				CLANG_WARN_UNREACHABLE_CODE = YES;
				CLANG_WARN__DUPLICATE_METHOD_MATCH = YES;
				CODE_SIGN_IDENTITY = "-";
				CODE_SIGN_STYLE = Manual;
				COPY_PHASE_STRIP = NO;
				DEAD_CODE_STRIPPING = YES;
				DEBUG_INFORMATION_FORMAT = "dwarf-with-dsym";
				ENABLE_NS_ASSERTIONS = NO;
				ENABLE_STRICT_OBJC_MSGSEND = YES;
				ENABLE_USER_SCRIPT_SANDBOXING = YES;
				GCC_C_LANGUAGE_STANDARD = gnu11;
				GCC_NO_COMMON_BLOCKS = YES;
				GCC_WARN_64_TO_32_BIT_CONVERSION = YES;
				GCC_WARN_ABOUT_RETURN_TYPE = YES_ERROR;
				GCC_WARN_UNDECLARED_SELECTOR = YES;
				GCC_WARN_UNINITIALIZED_AUTOS = YES_AGGRESSIVE;
				GCC_WARN_UNUSED_FUNCTION = YES;
				GCC_WARN_UNUSED_VARIABLE = YES;
				MACOSX_DEPLOYMENT_TARGET = 26.0;
				MTL_ENABLE_DEBUG_INFO = NO;
				MTL_FAST_MATH = YES;
				SDKROOT = macosx;
				STRING_CATALOG_GENERATE_SYMBOLS = YES;
				SWIFT_COMPILATION_MODE = wholemodule;
				SWIFT_OPTIMIZATION_LEVEL = "-O";
			};
			name = Release;
		};
		000000000000000000000122 /* Debug */ = {
			isa = XCBuildConfiguration;
			buildSettings = {
				ASSETCATALOG_COMPILER_APPICON_NAME = "svga logo";
				ASSETCATALOG_COMPILER_INCLUDE_ALL_APPICON_ASSETS = NO;
				CODE_SIGN_ENTITLEMENTS = "SVGA Quick Look/SVGA Quick Look.entitlements";
				COMBINE_HIDPI_IMAGES = YES;
				CURRENT_PROJECT_VERSION = 88;
				DEAD_CODE_STRIPPING = YES;
				ENABLE_HARDENED_RUNTIME = YES;
				INFOPLIST_FILE = "SVGA Quick Look/Info.plist";
				LD_RUNPATH_SEARCH_PATHS = (
					"$(inherited)",
					"@executable_path/../Frameworks",
				);
				MARKETING_VERSION = 1.87;
				PRODUCT_BUNDLE_IDENTIFIER = com.svga.quicklook;
				PRODUCT_NAME = "$(TARGET_NAME)";
				SWIFT_VERSION = 5.0;
			};
			name = Debug;
		};
		000000000000000000000123 /* Release */ = {
			isa = XCBuildConfiguration;
			buildSettings = {
				ASSETCATALOG_COMPILER_APPICON_NAME = "svga logo";
				ASSETCATALOG_COMPILER_INCLUDE_ALL_APPICON_ASSETS = NO;
				CODE_SIGN_ENTITLEMENTS = "SVGA Quick Look/SVGA Quick Look.entitlements";
				COMBINE_HIDPI_IMAGES = YES;
				CURRENT_PROJECT_VERSION = 88;
				DEAD_CODE_STRIPPING = YES;
				ENABLE_HARDENED_RUNTIME = YES;
				INFOPLIST_FILE = "SVGA Quick Look/Info.plist";
				LD_RUNPATH_SEARCH_PATHS = (
					"$(inherited)",
					"@executable_path/../Frameworks",
				);
				MARKETING_VERSION = 1.87;
				PRODUCT_BUNDLE_IDENTIFIER = com.svga.quicklook;
				PRODUCT_NAME = "$(TARGET_NAME)";
				SWIFT_VERSION = 5.0;
			};
			name = Release;
		};
		000000000000000000000124 /* Debug */ = {
			isa = XCBuildConfiguration;
			buildSettings = {
				APPLICATION_EXTENSION_API_ONLY = YES;
				CODE_SIGN_ENTITLEMENTS = "SVGA Quick Look Thumbnail Extension/Thumbnail.entitlements";
				CURRENT_PROJECT_VERSION = 88;
				DEAD_CODE_STRIPPING = YES;
				ENABLE_HARDENED_RUNTIME = YES;
				INFOPLIST_FILE = "SVGA Quick Look Thumbnail Extension/Info.plist";
				LD_RUNPATH_SEARCH_PATHS = (
					"$(inherited)",
					"@executable_path/../Frameworks",
					"@executable_path/../../../../Frameworks",
				);
				MARKETING_VERSION = 1.87;
				PRODUCT_BUNDLE_IDENTIFIER = com.svga.quicklook.thumbnail;
				PRODUCT_NAME = "$(TARGET_NAME)";
				SKIP_INSTALL = YES;
				SWIFT_VERSION = 5.0;
			};
			name = Debug;
		};
		000000000000000000000125 /* Release */ = {
			isa = XCBuildConfiguration;
			buildSettings = {
				APPLICATION_EXTENSION_API_ONLY = YES;
				CODE_SIGN_ENTITLEMENTS = "SVGA Quick Look Thumbnail Extension/Thumbnail.entitlements";
				CURRENT_PROJECT_VERSION = 88;
				DEAD_CODE_STRIPPING = YES;
				ENABLE_HARDENED_RUNTIME = YES;
				INFOPLIST_FILE = "SVGA Quick Look Thumbnail Extension/Info.plist";
				LD_RUNPATH_SEARCH_PATHS = (
					"$(inherited)",
					"@executable_path/../Frameworks",
					"@executable_path/../../../../Frameworks",
				);
				MARKETING_VERSION = 1.87;
				PRODUCT_BUNDLE_IDENTIFIER = com.svga.quicklook.thumbnail;
				PRODUCT_NAME = "$(TARGET_NAME)";
				SKIP_INSTALL = YES;
				SWIFT_VERSION = 5.0;
			};
			name = Release;
		};
		000000000000000000000126 /* Debug */ = {
			isa = XCBuildConfiguration;
			buildSettings = {
				APPLICATION_EXTENSION_API_ONLY = YES;
				CODE_SIGN_ENTITLEMENTS = "SVGA Quick Look Preview Extension/Preview.entitlements";
				CURRENT_PROJECT_VERSION = 88;
				DEAD_CODE_STRIPPING = YES;
				ENABLE_HARDENED_RUNTIME = YES;
				INFOPLIST_FILE = "SVGA Quick Look Preview Extension/Info.plist";
				LD_RUNPATH_SEARCH_PATHS = (
					"$(inherited)",
					"@executable_path/../Frameworks",
					"@executable_path/../../../../Frameworks",
				);
				MARKETING_VERSION = 1.87;
				PRODUCT_BUNDLE_IDENTIFIER = com.svga.quicklook.preview;
				PRODUCT_NAME = "$(TARGET_NAME)";
				SKIP_INSTALL = YES;
				SWIFT_VERSION = 5.0;
			};
			name = Debug;
		};
		000000000000000000000127 /* Release */ = {
			isa = XCBuildConfiguration;
			buildSettings = {
				APPLICATION_EXTENSION_API_ONLY = YES;
				CODE_SIGN_ENTITLEMENTS = "SVGA Quick Look Preview Extension/Preview.entitlements";
				CURRENT_PROJECT_VERSION = 88;
				DEAD_CODE_STRIPPING = YES;
				ENABLE_HARDENED_RUNTIME = YES;
				INFOPLIST_FILE = "SVGA Quick Look Preview Extension/Info.plist";
				LD_RUNPATH_SEARCH_PATHS = (
					"$(inherited)",
					"@executable_path/../Frameworks",
					"@executable_path/../../../../Frameworks",
				);
				MARKETING_VERSION = 1.87;
				PRODUCT_BUNDLE_IDENTIFIER = com.svga.quicklook.preview;
				PRODUCT_NAME = "$(TARGET_NAME)";
				SKIP_INSTALL = YES;
				SWIFT_VERSION = 5.0;
			};
			name = Release;
		};
/* End XCBuildConfiguration section */

/* Begin XCConfigurationList section */
		000000000000000000000130 /* Build configuration list for PBXProject "SVGA Quick Look" */ = {
			isa = XCConfigurationList;
			buildConfigurations = (
				000000000000000000000120 /* Debug */,
				000000000000000000000121 /* Release */,
			);
			defaultConfigurationIsVisible = 0;
			defaultConfigurationName = Release;
		};
		000000000000000000000131 /* Build configuration list for PBXNativeTarget "SVGA Quick Look" */ = {
			isa = XCConfigurationList;
			buildConfigurations = (
				000000000000000000000122 /* Debug */,
				000000000000000000000123 /* Release */,
			);
			defaultConfigurationIsVisible = 0;
			defaultConfigurationName = Release;
		};
		000000000000000000000132 /* Build configuration list for PBXNativeTarget "SVGA Quick Look Thumbnail Extension" */ = {
			isa = XCConfigurationList;
			buildConfigurations = (
				000000000000000000000124 /* Debug */,
				000000000000000000000125 /* Release */,
			);
			defaultConfigurationIsVisible = 0;
			defaultConfigurationName = Release;
		};
		000000000000000000000133 /* Build configuration list for PBXNativeTarget "SVGA Quick Look Preview Extension" */ = {
			isa = XCConfigurationList;
			buildConfigurations = (
				000000000000000000000126 /* Debug */,
				000000000000000000000127 /* Release */,
			);
			defaultConfigurationIsVisible = 0;
			defaultConfigurationName = Release;
		};
/* End XCConfigurationList section */
	};
	rootObject = 000000000000000000000001 /* Project object */;
}
